{
  "lockfileVersion": 1,
  "configVersion": 1,
  "workspaces": {
    "": {
      "dependencies": {
        "@codama/nodes-from-anchor": "^1.3.8",
        "@codama/renderers-js": "^1.5.5",
        "@solana/kit": "^5.5.0",
      },
    },
  },
  "packages": {
    "@codama/errors": ["@codama/errors@1.5.0", "", { "dependencies": { "@codama/node-types": "1.5.0", "commander": "^14.0.2", "picocolors": "^1.1.1" }, "bin": { "errors": "bin/cli.cjs" } }, "sha512-i4cS+S7JaZXhofQHFY3cwzt8rqxUVPNaeJND5VOyKUbtcOi933YXJXk52gDG4mc+CpGqHJijsJjfSpr1lJGxzg=="],

    "@codama/node-types": ["@codama/node-types@1.5.0", "", {}, "sha512-Ebz2vOUukmNaFXWdkni1ZihXkAIUnPYtqIMXYxKXOxjMP+TGz2q0lGtRo7sqw1pc2ksFBIkfBp5pZsl5p6gwXA=="],

    "@codama/nodes": ["@codama/nodes@1.5.0", "", { "dependencies": { "@codama/errors": "1.5.0", "@codama/node-types": "1.5.0" } }, "sha512-yg+xmorWiMNjS3n19CGIt/FZ/ZCuDIu+HEY45bq6gHu1MN3RtJZY+Q3v0ErnBPA60D8mNWkvkKoeSZXfzcAvfw=="],

    "@codama/nodes-from-anchor": ["@codama/nodes-from-anchor@1.3.8", "", { "dependencies": { "@codama/errors": "1.5.0", "@codama/nodes": "1.5.0", "@codama/visitors": "1.5.0", "@noble/hashes": "^2.0.1", "@solana/codecs": "^5.1.0" } }, "sha512-+nGg7YcXbuqrKDFh/8KBRtR3PcR7bJr4w4jy9pNogHpM5CsDcTEa+fiPRHcYh3CgbaX86DgTfvkEw2dmgf+qzg=="],

    "@codama/renderers-core": ["@codama/renderers-core@1.3.5", "", { "dependencies": { "@codama/errors": "1.5.0", "@codama/nodes": "1.5.0", "@codama/visitors-core": "1.5.0" } }, "sha512-MuZLU+3LZPQb1HuZffwZl+v5JHQDe5LYHGhA1wTMNlwRedYIysSxBjogHNciNIHsKP3JjmqyYmLO5LCEp3hjaQ=="],

    "@codama/renderers-js": ["@codama/renderers-js@1.5.5", "", { "dependencies": { "@codama/errors": "^1.4.4", "@codama/nodes": "^1.4.4", "@codama/renderers-core": "^1.3.4", "@codama/visitors-core": "^1.4.4", "@solana/codecs-strings": "^5.0.0", "prettier": "^3.6.2", "semver": "^7.7.3" } }, "sha512-zYVw8KGRHFzrpPKAv8PJI1pMy28qc/iEMspMC6Iw915Vsg0od75FUmUhDAvrTwgc28oyCmlrsWv6BNON4AKmqQ=="],

    "@codama/visitors": ["@codama/visitors@1.5.0", "", { "dependencies": { "@codama/errors": "1.5.0", "@codama/nodes": "1.5.0", "@codama/visitors-core": "1.5.0" } }, "sha512-SwtQaleXxAaFz6uHygxki621q4nPUDQlnwEhsg+QKOjHpKWXjLYdJof+R8gUiTV/n7/IeNnjvxJTTNfUsvETPQ=="],

    "@codama/visitors-core": ["@codama/visitors-core@1.5.0", "", { "dependencies": { "@codama/errors": "1.5.0", "@codama/nodes": "1.5.0", "json-stable-stringify": "^1.3.0" } }, "sha512-3PIAlBX0a06hIxzyPtQMfQcqWGFBgfbwysSwcXBbvHUYbemwhD6xwlBKJuqTwm9DyFj3faStp5fpvcp03Rjxtw=="],

    "@noble/hashes": ["@noble/hashes@2.0.1", "", {}, "sha512-XlOlEbQcE9fmuXxrVTXCTlG2nlRXa9Rj3rr5Ue/+tX+nmkgbX720YHh0VR3hBF9xDvwnb8D2shVGOwNx+ulArw=="],

    "@solana/accounts": ["@solana/accounts@5.5.0", "", { "dependencies": { "@solana/addresses": "5.5.0", "@solana/codecs-core": "5.5.0", "@solana/codecs-strings": "5.5.0", "@solana/errors": "5.5.0", "@solana/rpc-spec": "5.5.0", "@solana/rpc-types": "5.5.0" }, "peerDependencies": { "typescript": "^5.0.0" }, "optionalPeers": ["typescript"] }, "sha512-doojuLD2d4GkHqe3m+1ejtZnaO16dzZW0k/xuACZ/cDhVE+ocFMfKFaks+HIBk0tKWXKIRCEfTPRFcMuTE8GYQ=="],

    "@solana/addresses": ["@solana/addresses@5.5.0", "", { "dependencies": { "@solana/assertions": "5.5.0", "@solana/codecs-core": "5.5.0", "@solana/codecs-strings": "5.5.0", "@solana/errors": "5.5.0", "@solana/nominal-types": "5.5.0" }, "peerDependencies": { "typescript": "^5.0.0" }, "optionalPeers": ["typescript"] }, "sha512-RX3iivQJGzdBB9Rl2DHub0NiAvwuqtTlHSfCrH1+hQsBfOEqvVFtH/Ypipih6qaC/9MHIDnNAIb75GHklGjwXg=="],

    "@solana/assertions": ["@solana/assertions@5.5.0", "", { "dependencies": { "@solana/errors": "5.5.0" }, "peerDependencies": { "typescript": "^5.0.0" }, "optionalPeers": ["typescript"] }, "sha512-BDVgEM5HonJFPNIYZbr4AM9TBJBRy789HKGfCPxWLZm9wjNFcjhFpSfGFLWg9W+WjsMvM60GxgMKfAVl+y67Ug=="],

    "@solana/codecs": ["@solana/codecs@5.5.0", "", { "dependencies": { "@solana/codecs-core": "5.5.0", "@solana/codecs-data-structures": "5.5.0", "@solana/codecs-numbers": "5.5.0", "@solana/codecs-strings": "5.5.0", "@solana/options": "5.5.0" }, "peerDependencies": { "typescript": "^5.0.0" }, "optionalPeers": ["typescript"] }, "sha512-emJrjDkjiLzYypWuJrrxO6jQUN/Hmwg3fw2o1BmPz3EUUty3iSgm3xIA7qpyvObEt1oueQEI9Y4nZea7B+NoKA=="],

    "@solana/codecs-core": ["@solana/codecs-core@5.5.0", "", { "dependencies": { "@solana/errors": "5.5.0" }, "peerDependencies": { "typescript": "^5.0.0" }, "optionalPeers": ["typescript"] }, "sha512-ehjH9i8EwulGVMXzJ1+mcSx2P0Kj0HgYrLLOcku6tPa6ms2M+MNyls7yg8iLhltn+30x1DSp6XuPoeWuqnZTLA=="],

    "@solana/codecs-data-structures": ["@solana/codecs-data-structures@5.5.0", "", { "dependencies": { "@solana/codecs-core": "5.5.0", "@solana/codecs-numbers": "5.5.0", "@solana/errors": "5.5.0" }, "peerDependencies": { "typescript": "^5.0.0" }, "optionalPeers": ["typescript"] }, "sha512-NZUU+SlVMuIg2oCi8VyRiPGtPer8sN1fcLWd/ks7Q5g8V8fOHcV2moWDW10FZJxnZWOaR/4k5DuYzdyGfjXYNg=="],

    "@solana/codecs-numbers": ["@solana/codecs-numbers@5.5.0", "", { "dependencies": { "@solana/codecs-core": "5.5.0", "@solana/errors": "5.5.0" }, "peerDependencies": { "typescript": "^5.0.0" }, "optionalPeers": ["typescript"] }, "sha512-JX/GdKzVtNdWxAlrbTIv72BD6+KjyRt4alup0RJ1K87JJvYoJ6649xYP8+SHBuSewIq+248ftihTqRjbUr4fvg=="],

    "@solana/codecs-strings": ["@solana/codecs-strings@5.5.0", "", { "dependencies": { "@solana/codecs-core": "5.5.0", "@solana/codecs-numbers": "5.5.0", "@solana/errors": "5.5.0" }, "peerDependencies": { "fastestsmallesttextencoderdecoder": "^1.0.22", "typescript": "^5.0.0" }, "optionalPeers": ["fastestsmallesttextencoderdecoder", "typescript"] }, "sha512-bAfTJys0P8gss3sNanC1/WX70jeuZYVsAyGGX/KluALtRLtN0y7uTLR74I8uygpMkFUAeLdmjogwzKnnNiDfQw=="],

    "@solana/errors": ["@solana/errors@5.5.0", "", { "dependencies": { "chalk": "5.6.2", "commander": "14.0.2" }, "peerDependencies": { "typescript": "^5.0.0" }, "optionalPeers": ["typescript"], "bin": { "errors": "bin/cli.mjs" } }, "sha512-9/HHQNf0Y1QyxIvGJvo98SJYAEV8FowaR2k6mqHE60h8JVKslOn7vWKYaue4tj0s7evf8wNUKbi/tao/gUoHUA=="],

    "@solana/fast-stable-stringify": ["@solana/fast-stable-stringify@5.5.0", "", { "peerDependencies": { "typescript": "^5.0.0" }, "optionalPeers": ["typescript"] }, "sha512-sIk9UBRAvL1VOt5ZyFiTGrdSCV5aDl+BhQtQflWS4nwBydtXl5byt9txJaRxwbSGkedSQO3yeyuq9LFtfxn7vg=="],

    "@solana/functional": ["@solana/functional@5.5.0", "", { "peerDependencies": { "typescript": "^5.0.0" }, "optionalPeers": ["typescript"] }, "sha512-ma/yCpmRyU05R9F/IvtKDOx3lPL3jDjdoQajFqU7oZeXNQooKjpOJo3a/VDRQy/KZhk/AFSyUOOrCMiOtH3r3g=="],

    "@solana/instruction-plans": ["@solana/instruction-plans@5.5.0", "", { "dependencies": { "@solana/errors": "5.5.0", "@solana/instructions": "5.5.0", "@solana/keys": "5.5.0", "@solana/promises": "5.5.0", "@solana/transaction-messages": "5.5.0", "@solana/transactions": "5.5.0" }, "peerDependencies": { "typescript": "^5.0.0" }, "optionalPeers": ["typescript"] }, "sha512-cGqxdLNB2DO5So1uHw9872zVkD6J/ByjCadqtnNQ0na3voN158Jia2lOcxHneDMSgpr2kfMAe0membj9zxZwTg=="],

    "@solana/instructions": ["@solana/instructions@5.5.0", "", { "dependencies": { "@solana/codecs-core": "5.5.0", "@solana/errors": "5.5.0" }, "peerDependencies": { "typescript": "^5.0.0" }, "optionalPeers": ["typescript"] }, "sha512-YEcZC43A0hoRFpMaI//EkddhhtjI2RSaHxJHykHpiJ4b4X9WyJ+V/cq7Qna94wtrXKSo9J1y0YuZdB+6Covttw=="],

    "@solana/keys": ["@solana/keys@5.5.0", "", { "dependencies": { "@solana/assertions": "5.5.0", "@solana/codecs-core": "5.5.0", "@solana/codecs-strings": "5.5.0", "@solana/errors": "5.5.0", "@solana/nominal-types": "5.5.0" }, "peerDependencies": { "typescript": "^5.0.0" }, "optionalPeers": ["typescript"] }, "sha512-P24pLS37xwigqJFH8s+EiSY6+mLs+3/BFgFP8oB2mWExLbD2IWPBa2NINYCkirePJJYKi40V2FLSUVFiziPN5A=="],

    "@solana/kit": ["@solana/kit@5.5.0", "", { "dependencies": { "@solana/accounts": "5.5.0", "@solana/addresses": "5.5.0", "@solana/codecs": "5.5.0", "@solana/errors": "5.5.0", "@solana/functional": "5.5.0", "@solana/instruction-plans": "5.5.0", "@solana/instructions": "5.5.0", "@solana/keys": "5.5.0", "@solana/offchain-messages": "5.5.0", "@solana/plugin-core": "5.5.0", "@solana/programs": "5.5.0", "@solana/rpc": "5.5.0", "@solana/rpc-api": "5.5.0", "@solana/rpc-parsed-types": "5.5.0", "@solana/rpc-spec-types": "5.5.0", "@solana/rpc-subscriptions": "5.5.0", "@solana/rpc-types": "5.5.0", "@solana/signers": "5.5.0", "@solana/sysvars": "5.5.0", "@solana/transaction-confirmation": "5.5.0", "@solana/transaction-messages": "5.5.0", "@solana/transactions": "5.5.0" }, "peerDependencies": { "typescript": "^5.0.0" }, "optionalPeers": ["typescript"] }, "sha512-0jM3Ki3nCp+KuqB1L36327bVwFIQwIkQOGhRebhTzVIgWrgMdlBROSFmhiLAr0vDdNNUA4/FD8e0LJPkZAoL2Q=="],

    "@solana/nominal-types": ["@solana/nominal-types@5.5.0", "", { "peerDependencies": { "typescript": "^5.0.0" }, "optionalPeers": ["typescript"] }, "sha512-PpAVh+D976Gg4Pvq6EWbL6AYI8SDyi+AkCQw9K+If2TEQ3VM+QKVfeHdVg5clcoQnWPtUJ5v5x2licTzvMtBTw=="],

    "@solana/offchain-messages": ["@solana/offchain-messages@5.5.0", "", { "dependencies": { "@solana/addresses": "5.5.0", "@solana/codecs-core": "5.5.0", "@solana/codecs-data-structures": "5.5.0", "@solana/codecs-numbers": "5.5.0", "@solana/codecs-strings": "5.5.0", "@solana/errors": "5.5.0", "@solana/keys": "5.5.0", "@solana/nominal-types": "5.5.0" }, "peerDependencies": { "typescript": "^5.0.0" }, "optionalPeers": ["typescript"] }, "sha512-rCM2V4UG6lpI+K9bHLWJY9dQSQSX5S1c6pegDXt8EUyhmHXeoPtlwuikRX3JZXC0i0QmexK+IAJPV2IsGteSbQ=="],

    "@solana/options": ["@solana/options@5.5.0", "", { "dependencies": { "@solana/codecs-core": "5.5.0", "@solana/codecs-data-structures": "5.5.0", "@solana/codecs-numbers": "5.5.0", "@solana/codecs-strings": "5.5.0", "@solana/errors": "5.5.0" }, "peerDependencies": { "typescript": "^5.0.0" }, "optionalPeers": ["typescript"] }, "sha512-y6/AofplBpAcCXzZl7vHpQQPoF43qWpgLfHjvinuloN1jfePHdl+KsYNJAV1Al+XrAOgr+WIx/xvKFNcCVkSqg=="],

    "@solana/plugin-core": ["@solana/plugin-core@5.5.0", "", { "peerDependencies": { "typescript": "^5.0.0" }, "optionalPeers": ["typescript"] }, "sha512-TsKTzHTwxUPOxuq1TiQ3IBWmiinzhRsdtVN+paZPNjt2DdTjNYwDBl9KzHuTGGRZtptf5iJ2xghbPjcCYw8fqw=="],

    "@solana/programs": ["@solana/programs@5.5.0", "", { "dependencies": { "@solana/addresses": "5.5.0", "@solana/errors": "5.5.0" }, "peerDependencies": { "typescript": "^5.0.0" }, "optionalPeers": ["typescript"] }, "sha512-7jNPrEE9pQyQBxE5+hTsOkViTsJ63dOjtdrSWDvmGvx/mIyEYm2WqsySpFH7qKbUvW1KXC+qxN2vZiicpCqWOg=="],

    "@solana/promises": ["@solana/promises@5.5.0", "", { "peerDependencies": { "typescript": "^5.0.0" }, "optionalPeers": ["typescript"] }, "sha512-DGMPznCYVGVUWy5LsYlV5fOdnrRAjHhpofWjHCVLG8Ttnq653b7Gdr8yRSgqhXv88QiAwz8gaFE27rL3CWFvNA=="],

    "@solana/rpc": ["@solana/rpc@5.5.0", "", { "dependencies": { "@solana/errors": "5.5.0", "@solana/fast-stable-stringify": "5.5.0", "@solana/functional": "5.5.0", "@solana/rpc-api": "5.5.0", "@solana/rpc-spec": "5.5.0", "@solana/rpc-spec-types": "5.5.0", "@solana/rpc-transformers": "5.5.0", "@solana/rpc-transport-http": "5.5.0", "@solana/rpc-types": "5.5.0" }, "peerDependencies": { "typescript": "^5.0.0" }, "optionalPeers": ["typescript"] }, "sha512-76rEsoP1ZC3M+BNhQnTlm8c8bP0rYYIoUhMk35j7oBIsAR0bl1WpkFK2dsIcbP+Yag9msHHqSvGaIPYDhNm4bQ=="],

    "@solana/rpc-api": ["@solana/rpc-api@5.5.0", "", { "dependencies": { "@solana/addresses": "5.5.0", "@solana/codecs-core": "5.5.0", "@solana/codecs-strings": "5.5.0", "@solana/errors": "5.5.0", "@solana/keys": "5.5.0", "@solana/rpc-parsed-types": "5.5.0", "@solana/rpc-spec": "5.5.0", "@solana/rpc-transformers": "5.5.0", "@solana/rpc-types": "5.5.0", "@solana/transaction-messages": "5.5.0", "@solana/transactions": "5.5.0" }, "peerDependencies": { "typescript": "^5.0.0" }, "optionalPeers": ["typescript"] }, "sha512-cS/b4fL0IM5BwXsKX9MhS7kVXrE+vo+nFGZpVlq2FZrxdLKyJjlpRzWg/NnMfGSqtj9m94Y8vI6gh8pLvWJL+A=="],

    "@solana/rpc-parsed-types": ["@solana/rpc-parsed-types@5.5.0", "", { "peerDependencies": { "typescript": "^5.0.0" }, "optionalPeers": ["typescript"] }, "sha512-paVFiOLcyngTQ1mxzF5e13f3+EjWQsJ2ED4kuzEOR9rQgtBR6QsrKA1n85mHEF4dU46eAY9JSFK0JsCUe7tUMw=="],

    "@solana/rpc-spec": ["@solana/rpc-spec@5.5.0", "", { "dependencies": { "@solana/errors": "5.5.0", "@solana/rpc-spec-types": "5.5.0" }, "peerDependencies": { "typescript": "^5.0.0" }, "optionalPeers": ["typescript"] }, "sha512-tM+Fnd1KMTomx1HmCpqyOUM14YAlNkR+HURJISR7Zc7V3V6Ck6RwlXgWGiTylUnpJWS47SkB3DpiVih27EoRXg=="],

    "@solana/rpc-spec-types": ["@solana/rpc-spec-types@5.5.0", "", { "peerDependencies": { "typescript": "^5.0.0" }, "optionalPeers": ["typescript"] }, "sha512-rhHwxTUO10Pcdtuh8slfQEnP/VfzqNp4RYftGCM5hiSpZMjO6qcGMAQiWy5dRvdHQKZBV4CLEjdx3LCWhGvG9w=="],

    "@solana/rpc-subscriptions": ["@solana/rpc-subscriptions@5.5.0", "", { "dependencies": { "@solana/errors": "5.5.0", "@solana/fast-stable-stringify": "5.5.0", "@solana/functional": "5.5.0", "@solana/promises": "5.5.0", "@solana/rpc-spec-types": "5.5.0", "@solana/rpc-subscriptions-api": "5.5.0", "@solana/rpc-subscriptions-channel-websocket": "5.5.0", "@solana/rpc-subscriptions-spec": "5.5.0", "@solana/rpc-transformers": "5.5.0", "@solana/rpc-types": "5.5.0", "@solana/subscribable": "5.5.0" }, "peerDependencies": { "typescript": "^5.0.0" }, "optionalPeers": ["typescript"] }, "sha512-lmoWvUEQMPdi6FOMwv6icZGmlWH7ydhcck4b49X/YK2s22ClMoBa0MYwvFzOH+vm4adOHWzwwGW/4pS95RjQ1Q=="],

    "@solana/rpc-subscriptions-api": ["@solana/rpc-subscriptions-api@5.5.0", "", { "dependencies": { "@solana/addresses": "5.5.0", "@solana/keys": "5.5.0", "@solana/rpc-subscriptions-spec": "5.5.0", "@solana/rpc-transformers": "5.5.0", "@solana/rpc-types": "5.5.0", "@solana/transaction-messages": "5.5.0", "@solana/transactions": "5.5.0" }, "peerDependencies": { "typescript": "^5.0.0" }, "optionalPeers": ["typescript"] }, "sha512-YiaW8L4LNJH1QQHebBokX9zg0/l8TURFNrd6dYF4/WKYVoV4ftA/YrYUevkl7Bz3z5a0XgjWKS9X6EeJjI02Lw=="],

    "@solana/rpc-subscriptions-channel-websocket": ["@solana/rpc-subscriptions-channel-websocket@5.5.0", "", { "dependencies": { "@solana/errors": "5.5.0", "@solana/functional": "5.5.0", "@solana/rpc-subscriptions-spec": "5.5.0", "@solana/subscribable": "5.5.0", "ws": "^8.19.0" }, "peerDependencies": { "typescript": "^5.0.0" }, "optionalPeers": ["typescript"] }, "sha512-fvsbGyEFlyDizoUtm+MtQw77/MIzd/PAkFQGUpzX2flyIZt+TPFcQxW0SCPl/Wv2BsPWEhh6fTdj60hAOgiDfQ=="],

    "@solana/rpc-subscriptions-spec": ["@solana/rpc-subscriptions-spec@5.5.0", "", { "dependencies": { "@solana/errors": "5.5.0", "@solana/promises": "5.5.0", "@solana/rpc-spec-types": "5.5.0", "@solana/subscribable": "5.5.0" }, "peerDependencies": { "typescript": "^5.0.0" }, "optionalPeers": ["typescript"] }, "sha512-z5tQj/+NTiOcJnpEUhg8cUsKmCdCe9Fk5ms2oPtUBGH6XwJN67+4+dRFMccpUccZ+FxsDGMVYbNJwfTe7QheVA=="],

    "@solana/rpc-transformers": ["@solana/rpc-transformers@5.5.0", "", { "dependencies": { "@solana/errors": "5.5.0", "@solana/functional": "5.5.0", "@solana/nominal-types": "5.5.0", "@solana/rpc-spec-types": "5.5.0", "@solana/rpc-types": "5.5.0" }, "peerDependencies": { "typescript": "^5.0.0" }, "optionalPeers": ["typescript"] }, "sha512-g33shwjsfwyUBhbYIYxaYGfe+JF/4aCOpK5bK63Wr7POnht1E4EshK+xHTJ+PK7xSRUH99FtdIOsTG4GIlM+0A=="],

    "@solana/rpc-transport-http": ["@solana/rpc-transport-http@5.5.0", "", { "dependencies": { "@solana/errors": "5.5.0", "@solana/rpc-spec": "5.5.0", "@solana/rpc-spec-types": "5.5.0", "undici-types": "^7.19.1" }, "peerDependencies": { "typescript": "^5.0.0" }, "optionalPeers": ["typescript"] }, "sha512-wcNsZ1MJsIkWdRCwLutAjLu2chJZ6HPsMcghiM3//YBJNGq3obz6OUhhQeM79Rp8ZRpNePO6C7iP4SMgRC98zA=="],

    "@solana/rpc-types": ["@solana/rpc-types@5.5.0", "", { "dependencies": { "@solana/addresses": "5.5.0", "@solana/codecs-core": "5.5.0", "@solana/codecs-numbers": "5.5.0", "@solana/codecs-strings": "5.5.0", "@solana/errors": "5.5.0", "@solana/nominal-types": "5.5.0" }, "peerDependencies": { "typescript": "^5.0.0" }, "optionalPeers": ["typescript"] }, "sha512-FBVkBA+nw2+DWT9hlR+T8JTBHM05ZKy6RWKXr78UU/UJj9oWQbsWCK65zKCSMPskWbsYlGncFABIgl5DRzCZww=="],

    "@solana/signers": ["@solana/signers@5.5.0", "", { "dependencies": { "@solana/addresses": "5.5.0", "@solana/codecs-core": "5.5.0", "@solana/errors": "5.5.0", "@solana/instructions": "5.5.0", "@solana/keys": "5.5.0", "@solana/nominal-types": "5.5.0", "@solana/offchain-messages": "5.5.0", "@solana/transaction-messages": "5.5.0", "@solana/transactions": "5.5.0" }, "peerDependencies": { "typescript": "^5.0.0" }, "optionalPeers": ["typescript"] }, "sha512-Cs7RVTHdIapGxwWMyiN3serNU7QJJ3pLJmlCaAuNQn6aCi0zTZ6AhOKe7AsCbnFr4+ZBknbTwT0TvT4eSvDe3A=="],

    "@solana/subscribable": ["@solana/subscribable@5.5.0", "", { "dependencies": { "@solana/errors": "5.5.0" }, "peerDependencies": { "typescript": "^5.0.0" }, "optionalPeers": ["typescript"] }, "sha512-3MOIOiHJGjHhiw+1tR+61t/esUWTvctHtO6WGlXZ0a0UZmc0J2NZBU8zr4nC19KzDd40J8gtRPwCq48jon7MaQ=="],

    "@solana/sysvars": ["@solana/sysvars@5.5.0", "", { "dependencies": { "@solana/accounts": "5.5.0", "@solana/codecs": "5.5.0", "@solana/errors": "5.5.0", "@solana/rpc-types": "5.5.0" }, "peerDependencies": { "typescript": "^5.0.0" }, "optionalPeers": ["typescript"] }, "sha512-A+JkWgvoPnvTzZkfiMhekrvGxOCoQ4TmClJiMsWi+YwzBZ0unblXaA7etd/tFrrcZ19VWRUWKCC2gqlea5dXaQ=="],

    "@solana/transaction-confirmation": ["@solana/transaction-confirmation@5.5.0", "", { "dependencies": { "@solana/addresses": "5.5.0", "@solana/codecs-strings": "5.5.0", "@solana/errors": "5.5.0", "@solana/keys": "5.5.0", "@solana/promises": "5.5.0", "@solana/rpc": "5.5.0", "@solana/rpc-subscriptions": "5.5.0", "@solana/rpc-types": "5.5.0", "@solana/transaction-messages": "5.5.0", "@solana/transactions": "5.5.0" }, "peerDependencies": { "typescript": "^5.0.0" }, "optionalPeers": ["typescript"] }, "sha512-CmT5KDzXbXezcmoxWJ8fu6ZdxYlQ1t4wBKjMxnZqSOPyYikoPbWrsd6XXl7BRHEzJIN+Y06blBKliYtTjozlvQ=="],

    "@solana/transaction-messages": ["@solana/transaction-messages@5.5.0", "", { "dependencies": { "@solana/addresses": "5.5.0", "@solana/codecs-core": "5.5.0", "@solana/codecs-data-structures": "5.5.0", "@solana/codecs-numbers": "5.5.0", "@solana/errors": "5.5.0", "@solana/functional": "5.5.0", "@solana/instructions": "5.5.0", "@solana/nominal-types": "5.5.0", "@solana/rpc-types": "5.5.0" }, "peerDependencies": { "typescript": "^5.0.0" }, "optionalPeers": ["typescript"] }, "sha512-FQc4DSA0pyeWWmLHVo2Ip43mh7rpwlUBlKPx2bANVoxX4ypjOQ63heuUdHxqFeUFsuj9n2zeOAoUuh8AVb0hbQ=="],

    "@solana/transactions": ["@solana/transactions@5.5.0", "", { "dependencies": { "@solana/addresses": "5.5.0", "@solana/codecs-core": "5.5.0", "@solana/codecs-data-structures": "5.5.0", "@solana/codecs-numbers": "5.5.0", "@solana/codecs-strings": "5.5.0", "@solana/errors": "5.5.0", "@solana/functional": "5.5.0", "@solana/instructions": "5.5.0", "@solana/keys": "5.5.0", "@solana/nominal-types": "5.5.0", "@solana/rpc-types": "5.5.0", "@solana/transaction-messages": "5.5.0" }, "peerDependencies": { "typescript": "^5.0.0" }, "optionalPeers": ["typescript"] }, "sha512-sdHdvEwjHwzX9nA9QJfQ2HDbeqEreo0pmjPPPxGcECDp8R02Py0y/zfPiU8JQyZcn7Si2UJUKJ2ds/sA8fXl9A=="],

    "bufferutil": ["bufferutil@4.1.0", "", { "dependencies": { "node-gyp-build": "^4.3.0" } }, "sha512-ZMANVnAixE6AWWnPzlW2KpUrxhm9woycYvPOo67jWHyFowASTEd9s+QN1EIMsSDtwhIxN4sWE1jotpuDUIgyIw=="],

    "call-bind": ["call-bind@1.0.8", "", { "dependencies": { "call-bind-apply-helpers": "^1.0.0", "es-define-property": "^1.0.0", "get-intrinsic": "^1.2.4", "set-function-length": "^1.2.2" } }, "sha512-oKlSFMcMwpUg2ednkhQ454wfWiU/ul3CkJe/PEHcTKuiX6RpbehUiFMXu13HalGZxfUwCQzZG747YXBn1im9ww=="],

    "call-bind-apply-helpers": ["call-bind-apply-helpers@1.0.2", "", { "dependencies": { "es-errors": "^1.3.0", "function-bind": "^1.1.2" } }, "sha512-Sp1ablJ0ivDkSzjcaJdxEunN5/XvksFJ2sMBFfq6x0ryhQV/2b/KwFe21cMpmHtPOSij8K99/wSfoEuTObmuMQ=="],

    "call-bound": ["call-bound@1.0.4", "", { "dependencies": { "call-bind-apply-helpers": "^1.0.2", "get-intrinsic": "^1.3.0" } }, "sha512-+ys997U96po4Kx/ABpBCqhA9EuxJaQWDQg7295H4hBphv3IZg0boBKuwYpt4YXp6MZ5AmZQnU/tyMTlRpaSejg=="],

    "chalk": ["chalk@5.6.2", "", {}, "sha512-7NzBL0rN6fMUW+f7A6Io4h40qQlG+xGmtMxfbnH/K7TAtt8JQWVQK+6g0UXKMeVJoyV5EkkNsErQ8pVD3bLHbA=="],

    "commander": ["commander@14.0.2", "", {}, "sha512-TywoWNNRbhoD0BXs1P3ZEScW8W5iKrnbithIl0YH+uCmBd0QpPOA8yc82DS3BIE5Ma6FnBVUsJ7wVUDz4dvOWQ=="],

    "define-data-property": ["define-data-property@1.1.4", "", { "dependencies": { "es-define-property": "^1.0.0", "es-errors": "^1.3.0", "gopd": "^1.0.1" } }, "sha512-rBMvIzlpA8v6E+SJZoo++HAYqsLrkg7MSfIinMPFhmkorw7X+dOXVJQs+QT69zGkzMyfDnIMN2Wid1+NbL3T+A=="],

    "dunder-proto": ["dunder-proto@1.0.1", "", { "dependencies": { "call-bind-apply-helpers": "^1.0.1", "es-errors": "^1.3.0", "gopd": "^1.2.0" } }, "sha512-KIN/nDJBQRcXw0MLVhZE9iQHmG68qAVIBg9CqmUYjmQIhgij9U5MFvrqkUL5FbtyyzZuOeOt0zdeRe4UY7ct+A=="],

    "es-define-property": ["es-define-property@1.0.1", "", {}, "sha512-e3nRfgfUZ4rNGL232gUgX06QNyyez04KdjFrF+LTRoOXmrOgFKDg4BCdsjW8EnT69eqdYGmRpJwiPVYNrCaW3g=="],

    "es-errors": ["es-errors@1.3.0", "", {}, "sha512-Zf5H2Kxt2xjTvbJvP2ZWLEICxA6j+hAmMzIlypy4xcBg1vKVnx89Wy0GbS+kf5cwCVFFzdCFh2XSCFNULS6csw=="],

    "es-object-atoms": ["es-object-atoms@1.1.1", "", { "dependencies": { "es-errors": "^1.3.0" } }, "sha512-FGgH2h8zKNim9ljj7dankFPcICIK9Cp5bm+c2gQSYePhpaG5+esrLODihIorn+Pe6FGJzWhXQotPv73jTaldXA=="],

    "function-bind": ["function-bind@1.1.2", "", {}, "sha512-7XHNxH7qX9xG5mIwxkhumTox/MIRNcOgDrxWsMt2pAr23WHp6MrRlN7FBSFpCpr+oVO0F744iUgR82nJMfG2SA=="],

    "get-intrinsic": ["get-intrinsic@1.3.0", "", { "dependencies": { "call-bind-apply-helpers": "^1.0.2", "es-define-property": "^1.0.1", "es-errors": "^1.3.0", "es-object-atoms": "^1.1.1", "function-bind": "^1.1.2", "get-proto": "^1.0.1", "gopd": "^1.2.0", "has-symbols": "^1.1.0", "hasown": "^2.0.2", "math-intrinsics": "^1.1.0" } }, "sha512-9fSjSaos/fRIVIp+xSJlE6lfwhES7LNtKaCBIamHsjr2na1BiABJPo0mOjjz8GJDURarmCPGqaiVg5mfjb98CQ=="],

    "get-proto": ["get-proto@1.0.1", "", { "dependencies": { "dunder-proto": "^1.0.1", "es-object-atoms": "^1.0.0" } }, "sha512-sTSfBjoXBp89JvIKIefqw7U2CCebsc74kiY6awiGogKtoSGbgjYE/G/+l9sF3MWFPNc9IcoOC4ODfKHfxFmp0g=="],

    "gopd": ["gopd@1.2.0", "", {}, "sha512-ZUKRh6/kUFoAiTAtTYPZJ3hw9wNxx+BIBOijnlG9PnrJsCcSjs1wyyD6vJpaYtgnzDrKYRSqf3OO6Rfa93xsRg=="],

    "has-property-descriptors": ["has-property-descriptors@1.0.2", "", { "dependencies": { "es-define-property": "^1.0.0" } }, "sha512-55JNKuIW+vq4Ke1BjOTjM2YctQIvCT7GFzHwmfZPGo5wnrgkid0YQtnAleFSqumZm4az3n2BS+erby5ipJdgrg=="],

    "has-symbols": ["has-symbols@1.1.0", "", {}, "sha512-1cDNdwJ2Jaohmb3sg4OmKaMBwuC48sYni5HUw2DvsC8LjGTLK9h+eb1X6RyuOHe4hT0ULCW68iomhjUoKUqlPQ=="],

    "hasown": ["hasown@2.0.2", "", { "dependencies": { "function-bind": "^1.1.2" } }, "sha512-0hJU9SCPvmMzIBdZFqNPXWa6dqh7WdH0cII9y+CyS8rG3nL48Bclra9HmKhVVUHyPWNH5Y7xDwAB7bfgSjkUMQ=="],

    "isarray": ["isarray@2.0.5", "", {}, "sha512-xHjhDr3cNBK0BzdUJSPXZntQUx/mwMS5Rw4A7lPJ90XGAO6ISP/ePDNuo0vhqOZU+UD5JoodwCAAoZQd3FeAKw=="],

    "json-stable-stringify": ["json-stable-stringify@1.3.0", "", { "dependencies": { "call-bind": "^1.0.8", "call-bound": "^1.0.4", "isarray": "^2.0.5", "jsonify": "^0.0.1", "object-keys": "^1.1.1" } }, "sha512-qtYiSSFlwot9XHtF9bD9c7rwKjr+RecWT//ZnPvSmEjpV5mmPOCN4j8UjY5hbjNkOwZ/jQv3J6R1/pL7RwgMsg=="],

    "jsonify": ["jsonify@0.0.1", "", {}, "sha512-2/Ki0GcmuqSrgFyelQq9M05y7PS0mEwuIzrf3f1fPqkVDVRvZrPZtVSMHxdgo8Aq0sxAOb/cr2aqqA3LeWHVPg=="],

    "math-intrinsics": ["math-intrinsics@1.1.0", "", {}, "sha512-/IXtbwEk5HTPyEwyKX6hGkYXxM9nbj64B+ilVJnC/R6B0pH5G4V3b0pVbL7DBj4tkhBAppbQUlf6F6Xl9LHu1g=="],

    "node-gyp-build": ["node-gyp-build@4.8.4", "", { "bin": { "node-gyp-build": "bin.js", "node-gyp-build-optional": "optional.js", "node-gyp-build-test": "build-test.js" } }, "sha512-LA4ZjwlnUblHVgq0oBF3Jl/6h/Nvs5fzBLwdEF4nuxnFdsfajde4WfxtJr3CaiH+F6ewcIB/q4jQ4UzPyid+CQ=="],

    "object-keys": ["object-keys@1.1.1", "", {}, "sha512-NuAESUOUMrlIXOfHKzD6bpPu3tYt3xvjNdRIQ+FeT0lNb4K8WR70CaDxhuNguS2XG+GjkyMwOzsN5ZktImfhLA=="],

    "picocolors": ["picocolors@1.1.1", "", {}, "sha512-xceH2snhtb5M9liqDsmEw56le376mTZkEX/jEb/RxNFyegNul7eNslCXP9FDj/Lcu0X8KEyMceP2ntpaHrDEVA=="],

    "prettier": ["prettier@3.8.1", "", { "bin": { "prettier": "bin/prettier.cjs" } }, "sha512-UOnG6LftzbdaHZcKoPFtOcCKztrQ57WkHDeRD9t/PTQtmT0NHSeWWepj6pS0z/N7+08BHFDQVUrfmfMRcZwbMg=="],

    "semver": ["semver@7.7.3", "", { "bin": { "semver": "bin/semver.js" } }, "sha512-SdsKMrI9TdgjdweUSR9MweHA4EJ8YxHn8DFaDisvhVlUOe4BF1tLD7GAj0lIqWVl+dPb/rExr0Btby5loQm20Q=="],

    "set-function-length": ["set-function-length@1.2.2", "", { "dependencies": { "define-data-property": "^1.1.4", "es-errors": "^1.3.0", "function-bind": "^1.1.2", "get-intrinsic": "^1.2.4", "gopd": "^1.0.1", "has-property-descriptors": "^1.0.2" } }, "sha512-pgRc4hJ4/sNjWCSS9AmnS40x3bNMDTknHgL5UaMBTMyJnU90EgWh1Rz+MC9eFu4BuN/UwZjKQuY/1v3rM7HMfg=="],

    "typescript": ["typescript@5.9.3", "", { "bin": { "tsc": "bin/tsc", "tsserver": "bin/tsserver" } }, "sha512-jl1vZzPDinLr9eUt3J/t7V6FgNEw9QjvBPdysz9KfQDD41fQrC2Y4vKQdiaUpFT4bXlb1RHhLpp8wtm6M5TgSw=="],

    "undici-types": ["undici-types@7.19.2", "", {}, "sha512-qYVnV5OEm2AW8cJMCpdV20CDyaN3g0AjDlOGf1OW4iaDEx8MwdtChUp4zu4H0VP3nDRF/8RKWH+IPp9uW0YGZg=="],

    "utf-8-validate": ["utf-8-validate@5.0.10", "", { "dependencies": { "node-gyp-build": "^4.3.0" } }, "sha512-Z6czzLq4u8fPOyx7TU6X3dvUZVvoJmxSQ+IcrlmagKhilxlhZgxPK6C5Jqbkw1IDUmFTM+cz9QDnnLTwDz/2gQ=="],

    "ws": ["ws@8.19.0", "", { "peerDependencies": { "bufferutil": "^4.0.1", "utf-8-validate": ">=5.0.2" }, "optionalPeers": ["bufferutil", "utf-8-validate"] }, "sha512-blAT2mjOEIi0ZzruJfIhb3nps74PRWTCz1IjglWEEpQl5XS/UNama6u2/rjFkDDouqr4L67ry+1aGIALViWjDg=="],
  }
}
